// !$*UTF8*$!
{
	archiveVersion = 1;
	classes = {
	};
	objectVersion = 77;
	objects = {

/* Begin PBXBuildFile section */
		64EF71402F867E9D0059FAA5 /* README.md in Sources */ = {isa = PBXBuildFile; fileRef = 64EF713F2F867E980059FAA5 /* README.md */; };
/* End PBXBuildFile section */

/* Begin PBXContainerItemProxy section */
		6409C7D52F7EC14300AEFF77 /* PBXContainerItemProxy */ = {
			isa = PBXContainerItemProxy;
			containerPortal = 6409C7BA2F7EC14100AEFF77 /* Project object */;
			proxyType = 1;
			remoteGlobalIDString = 6409C7C12F7EC14200AEFF77;
			remoteInfo = StockPriceTrackerApp;
		};
		6409C7DF2F7EC14300AEFF77 /* PBXContainerItemProxy */ = {
			isa = PBXContainerItemProxy;
			containerPortal = 6409C7BA2F7EC14100AEFF77 /* Project object */;
			proxyType = 1;
			remoteGlobalIDString = 6409C7C12F7EC14200AEFF77;
			remoteInfo = StockPriceTrackerApp;
		};
/* End PBXContainerItemProxy section */

/* Begin PBXFileReference section */
		6409C7C22F7EC14200AEFF77 /* StockPriceTrackerApp.app */ = {isa = PBXFileReference; explicitFileType = wrapper.application; includeInIndex = 0; path = StockPriceTrackerApp.app; sourceTree = BUILT_PRODUCTS_DIR; };
		6409C7D42F7EC14300AEFF77 /* StockPriceTrackerAppTests.xctest */ = {isa = PBXFileReference; explicitFileType = wrapper.cfbundle; includeInIndex = 0; path = StockPriceTrackerAppTests.xctest; sourceTree = BUILT_PRODUCTS_DIR; };
		6409C7DE2F7EC14300AEFF77 /* StockPriceTrackerAppUITests.xctest */ = {isa = PBXFileReference; explicitFileType = wrapper.cfbundle; includeInIndex = 0; path = StockPriceTrackerAppUITests.xctest; sourceTree = BUILT_PRODUCTS_DIR; };
		64EF713F2F867E980059FAA5 /* README.md */ = {isa = PBXFileReference; lastKnownFileType = sourcecode.swift; path = README.md; sourceTree = "<group>"; };
/* End PBXFileReference section */

/* Begin PBXFileSystemSynchronizedRootGroup section */
		6409C7C42F7EC14200AEFF77 /* StockPriceTrackerApp */ = {
			isa = PBXFileSystemSynchronizedRootGroup;
			path = StockPriceTrackerApp;
			sourceTree = "<group>";
		};
		6409C7D72F7EC14300AEFF77 /* StockPriceTrackerAppTests */ = {
			isa = PBXFileSystemSynchronizedRootGroup;
			path = StockPriceTrackerAppTests;
			sourceTree = "<group>";
		};
		6409C7E12F7EC14300AEFF77 /* StockPriceTrackerAppUITests */ = {
			isa = PBXFileSystemSynchronizedRootGroup;
			path = StockPriceTrackerAppUITests;
			sourceTree = "<group>";
		};
/* End PBXFileSystemSynchronizedRootGroup section */

/* Begin PBXFrameworksBuildPhase section */
		6409C7BF2F7EC14200AEFF77 /* Frameworks */ = {
			isa = PBXFrameworksBuildPhase;
			buildActionMask = 2147483647;
			files = (
			);
			runOnlyForDeploymentPostprocessing = 0;
		};
		6409C7D12F7EC14300AEFF77 /* Frameworks */ = {
			isa = PBXFrameworksBuildPhase;
			buildActionMask = 2147483647;
			files = (
			);
			runOnlyForDeploymentPostprocessing = 0;
		};
		6409C7DB2F7EC14300AEFF77 /* Frameworks */ = {
			isa = PBXFrameworksBuildPhase;
			buildActionMask = 2147483647;
			files = (
			);
			runOnlyForDeploymentPostprocessing = 0;
		};
/* End PBXFrameworksBuildPhase section */

/* Begin PBXGroup section */
		6409C7B92F7EC14100AEFF77 = {
			isa = PBXGroup;
			children = (
				64EF713F2F867E980059FAA5 /* README.md */,
				6409C7C42F7EC14200AEFF77 /* StockPriceTrackerApp */,
				6409C7D72F7EC14300AEFF77 /* StockPriceTrackerAppTests */,
				6409C7E12F7EC14300AEFF77 /* StockPriceTrackerAppUITests */,
				6409C7C32F7EC14200AEFF77 /* Products */,
			);
			sourceTree = "<group>";
		};
		6409C7C32F7EC14200AEFF77 /* Products */ = {
			isa = PBXGroup;
			children = (
				6409C7C22F7EC14200AEFF77 /* StockPriceTrackerApp.app */,
				6409C7D42F7EC14300AEFF77 /* StockPriceTrackerAppTests.xctest */,
				6409C7DE2F7EC14300AEFF77 /* StockPriceTrackerAppUITests.xctest */,
			);
			name = Products;
			sourceTree = "<group>";
		};
/* End PBXGroup section */

/* Begin PBXNativeTarget section */
		6409C7C12F7EC14200AEFF77 /* StockPriceTrackerApp */ = {
			isa = PBXNativeTarget;
			buildConfigurationList = 6409C7E82F7EC14300AEFF77 /* Build configuration list for PBXNativeTarget "StockPriceTrackerApp" */;
			buildPhases = (
				6409C7BE2F7EC14200AEFF77 /* Sources */,
				6409C7BF2F7EC14200AEFF77 /* Frameworks */,
				6409C7C02F7EC14200AEFF77 /* Resources */,
			);
			buildRules = (
			);
			dependencies = (
			);
			fileSystemSynchronizedGroups = (
				6409C7C42F7EC14200AEFF77 /* StockPriceTrackerApp */,
			);
			name = StockPriceTrackerApp;
			packageProductDependencies = (
			);
			productName = StockPriceTrackerApp;
			productReference = 6409C7C22F7EC14200AEFF77 /* StockPriceTrackerApp.app */;
			productType = "com.apple.product-type.application";
		};
		6409C7D32F7EC14300AEFF77 /* StockPriceTrackerAppTests */ = {
			isa = PBXNativeTarget;
			buildConfigurationList = 6409C7EB2F7EC14300AEFF77 /* Build configuration list for PBXNativeTarget "StockPriceTrackerAppTests" */;
			buildPhases = (
				6409C7D02F7EC14300AEFF77 /* Sources */,
				6409C7D12F7EC14300AEFF77 /* Frameworks */,
				6409C7D22F7EC14300AEFF77 /* Resources */,
			);
			buildRules = (
			);
			dependencies = (
				6409C7D62F7EC14300AEFF77 /* PBXTargetDependency */,
			);
			fileSystemSynchronizedGroups = (
				6409C7D72F7EC14300AEFF77 /* StockPriceTrackerAppTests */,
			);
			name = StockPriceTrackerAppTests;
			packageProductDependencies = (
			);
			productName = StockPriceTrackerAppTests;
			productReference = 6409C7D42F7EC14300AEFF77 /* StockPriceTrackerAppTests.xctest */;
			productType = "com.apple.product-type.bundle.unit-test";
		};
		6409C7DD2F7EC14300AEFF77 /* StockPriceTrackerAppUITests */ = {
			isa = PBXNativeTarget;
			buildConfigurationList = 6409C7EE2F7EC14300AEFF77 /* Build configuration list for PBXNativeTarget "StockPriceTrackerAppUITests" */;
			buildPhases = (
				6409C7DA2F7EC14300AEFF77 /* Sources */,
				6409C7DB2F7EC14300AEFF77 /* Frameworks */,
				6409C7DC2F7EC14300AEFF77 /* Resources */,
			);
			buildRules = (
			);
			dependencies = (
				6409C7E02F7EC14300AEFF77 /* PBXTargetDependency */,
			);
			fileSystemSynchronizedGroups = (
				6409C7E12F7EC14300AEFF77 /* StockPriceTrackerAppUITests */,
			);
			name = StockPriceTrackerAppUITests;
			packageProductDependencies = (
			);
			productName = StockPriceTrackerAppUITests;
			productReference = 6409C7DE2F7EC14300AEFF77 /* StockPriceTrackerAppUITests.xctest */;
			productType = "com.apple.product-type.bundle.ui-testing";
		};
/* End PBXNativeTarget section */

/* Begin PBXProject section */
		6409C7BA2F7EC14100AEFF77 /* Project object */ = {
			isa = PBXProject;
			attributes = {
				BuildIndependentTargetsInParallel = 1;
				LastSwiftUpdateCheck = 2630;
				LastUpgradeCheck = 2630;
				TargetAttributes = {
					6409C7C12F7EC14200AEFF77 = {
						CreatedOnToolsVersion = 26.3;
					};
					6409C7D32F7EC14300AEFF77 = {
						CreatedOnToolsVersion = 26.3;
						TestTargetID = 6409C7C12F7EC14200AEFF77;
					};
					6409C7DD2F7EC14300AEFF77 = {
						CreatedOnToolsVersion = 26.3;
						TestTargetID = 6409C7C12F7EC14200AEFF77;
					};
				};
			};
			buildConfigurationList = 6409C7BD2F7EC14100AEFF77 /* Build configuration list for PBXProject "StockPriceTrackerApp" */;
			developmentRegion = en;
			hasScannedForEncodings = 0;
			knownRegions = (
				en,
				Base,
			);
			mainGroup = 6409C7B92F7EC14100AEFF77;
			minimizedProjectReferenceProxies = 1;
			preferredProjectObjectVersion = 77;
			productRefGroup = 6409C7C32F7EC14200AEFF77 /* Products */;
			projectDirPath = "";
			projectRoot = "";
			targets = (
				6409C7C12F7EC14200AEFF77 /* StockPriceTrackerApp */,
				6409C7D32F7EC14300AEFF77 /* StockPriceTrackerAppTests */,
				6409C7DD2F7EC14300AEFF77 /* StockPriceTrackerAppUITests */,
			);
		};
/* End PBXProject section */

/* Begin PBXResourcesBuildPhase section */
		6409C7C02F7EC14200AEFF77 /* Resources */ = {
			isa = PBXResourcesBuildPhase;
			buildActionMask = 2147483647;
			files = (
			);
			runOnlyForDeploymentPostprocessing = 0;
		};
		6409C7D22F7EC14300AEFF77 /* Resources */ = {
			isa = PBXResourcesBuildPhase;
			buildActionMask = 2147483647;
			files = (
			);
			runOnlyForDeploymentPostprocessing = 0;
		};
		6409C7DC2F7EC14300AEFF77 /* Resources */ = {
			isa = PBXResourcesBuildPhase;
			buildActionMask = 2147483647;
			files = (
			);
			runOnlyForDeploymentPostprocessing = 0;
		};
/* End PBXResourcesBuildPhase section */

/* Begin PBXSourcesBuildPhase section */
		6409C7BE2F7EC14200AEFF77 /* Sources */ = {
			isa = PBXSourcesBuildPhase;
			buildActionMask = 2147483647;
			files = (
				64EF71402F867E9D0059FAA5 /* README.md in Sources */,
			);
			runOnlyForDeploymentPostprocessing = 0;
		};
		6409C7D02F7EC14300AEFF77 /* Sources */ = {
			isa = PBXSourcesBuildPhase;
			buildActionMask = 2147483647;
			files = (
			);
			runOnlyForDeploymentPostprocessing = 0;
		};
		6409C7DA2F7EC14300AEFF77 /* Sources */ = {
			isa = PBXSourcesBuildPhase;
			buildActionMask = 2147483647;
			files = (
			);
			runOnlyForDeploymentPostprocessing = 0;
		};
/* End PBXSourcesBuildPhase section */

/* Begin PBXTargetDependency section */
		6409C7D62F7EC14300AEFF77 /* PBXTargetDependency */ = {
			isa = PBXTargetDependency;
			target = 6409C7C12F7EC14200AEFF77 /* StockPriceTrackerApp */;
			targetProxy = 6409C7D52F7EC14300AEFF77 /* PBXContainerItemProxy */;
		};
		6409C7E02F7EC14300AEFF77 /* PBXTargetDependency */ = {
			isa = PBXTargetDependency;
			target = 6409C7C12F7EC14200AEFF77 /* StockPriceTrackerApp */;
			targetProxy = 6409C7DF2F7EC14300AEFF77 /* PBXContainerItemProxy */;
		};
/* End PBXTargetDependency section */

/* Begin XCBuildConfiguration section */
		6409C7E62F7EC14300AEFF77 /* Debug */ = {
			isa = XCBuildConfiguration;
			buildSettings = {
				ALWAYS_SEARCH_USER_PATHS = NO;
				ASSETCATALOG_COMPILER_GENERATE_SWIFT_ASSET_SYMBOL_EXTENSIONS = YES;
				CLANG_ANALYZER_NONNULL = YES;
				CLANG_ANALYZER_NUMBER_OBJECT_CONVERSION = YES_AGGRESSIVE;
				CLANG_CXX_LANGUAGE_STANDARD = "gnu++20";
				CLANG_ENABLE_MODULES = YES;
				CLANG_ENABLE_OBJC_ARC = YES;
				CLANG_ENABLE_OBJC_WEAK = YES;
				CLANG_WARN_BLOCK_CAPTURE_AUTORELEASING = YES;
				CLANG_WARN_BOOL_CONVERSION = YES;
				CLANG_WARN_COMMA = YES;
				CLANG_WARN_CONSTANT_CONVERSION = YES;
				CLANG_WARN_DEPRECATED_OBJC_IMPLEMENTATIONS = YES;
				CLANG_WARN_DIRECT_OBJC_ISA_USAGE = YES_ERROR;
				CLANG_WARN_DOCUMENTATION_COMMENTS = YES;
				CLANG_WARN_EMPTY_BODY = YES;
				CLANG_WARN_ENUM_CONVERSION = YES;
				CLANG_WARN_INFINITE_RECURSION = YES;
				CLANG_WARN_INT_CONVERSION = YES;
				CLANG_WARN_NON_LITERAL_NULL_CONVERSION = YES;
				CLANG_WARN_OBJC_IMPLICIT_RETAIN_SELF = YES;
				CLANG_WARN_OBJC_LITERAL_CONVERSION = YES;
				CLANG_WARN_OBJC_ROOT_CLASS = YES_ERROR;
				CLANG_WARN_QUOTED_INCLUDE_IN_FRAMEWORK_HEADER = YES;
				CLANG_WARN_RANGE_LOOP_ANALYSIS = YES;
				CLANG_WARN_STRICT_PROTOTYPES = YES;
				CLANG_WARN_SUSPICIOUS_MOVE = YES;
				CLANG_WARN_UNGUARDED_AVAILABILITY = YES_AGGRESSIVE;
				CLANG_WARN_UNREACHABLE_CODE = YES;
				CLANG_WARN__DUPLICATE_METHOD_MATCH = YES;
				COPY_PHASE_STRIP = NO;
				DEBUG_INFORMATION_FORMAT = dwarf;
				ENABLE_STRICT_OBJC_MSGSEND = YES;
				ENABLE_TESTABILITY = YES;
				ENABLE_USER_SCRIPT_SANDBOXING = YES;
				GCC_C_LANGUAGE_STANDARD = gnu17;
				GCC_DYNAMIC_NO_PIC = NO;
				GCC_NO_COMMON_BLOCKS = YES;
				GCC_OPTIMIZATION_LEVEL = 0;
				GCC_PREPROCESSOR_DEFINITIONS = (
					"DEBUG=1",
					"$(inherited)",
				);
				GCC_WARN_64_TO_32_BIT_CONVERSION = YES;
				GCC_WARN_ABOUT_RETURN_TYPE = YES_ERROR;
				GCC_WARN_UNDECLARED_SELECTOR = YES;
				GCC_WARN_UNINITIALIZED_AUTOS = YES_AGGRESSIVE;
				GCC_WARN_UNUSED_FUNCTION = YES;
				GCC_WARN_UNUSED_VARIABLE = YES;
				IPHONEOS_DEPLOYMENT_TARGET = 26.2;
				LOCALIZATION_PREFERS_STRING_CATALOGS = YES;
				MTL_ENABLE_DEBUG_INFO = INCLUDE_SOURCE;
				MTL_FAST_MATH = YES;
				ONLY_ACTIVE_ARCH = YES;
				SDKROOT = iphoneos;
				SWIFT_ACTIVE_COMPILATION_CONDITIONS = "DEBUG $(inherited)";
				SWIFT_OPTIMIZATION_LEVEL = "-Onone";
			};
			name = Debug;
		};
		6409C7E72F7EC14300AEFF77 /* Release */ = {
			isa = XCBuildConfiguration;
			buildSettings = {
				ALWAYS_SEARCH_USER_PATHS = NO;
				ASSETCATALOG_COMPILER_GENERATE_SWIFT_ASSET_SYMBOL_EXTENSIONS = YES;
				CLANG_ANALYZER_NONNULL = YES;
				CLANG_ANALYZER_NUMBER_OBJECT_CONVERSION = YES_AGGRESSIVE;
				CLANG_CXX_LANGUAGE_STANDARD = "gnu++20";
				CLANG_ENABLE_MODULES = YES;
				CLANG_ENABLE_OBJC_ARC = YES;
				CLANG_ENABLE_OBJC_WEAK = YES;
				CLANG_WARN_BLOCK_CAPTURE_AUTORELEASING = YES;
				CLANG_WARN_BOOL_CONVERSION = YES;
				CLANG_WARN_COMMA = YES;
				CLANG_WARN_CONSTANT_CONVERSION = YES;
				CLANG_WARN_DEPRECATED_OBJC_IMPLEMENTATIONS = YES;
				CLANG_WARN_DIRECT_OBJC_ISA_USAGE = YES_ERROR;
				CLANG_WARN_DOCUMENTATION_COMMENTS = YES;
				CLANG_WARN_EMPTY_BODY = YES;
				CLANG_WARN_ENUM_CONVERSION = YES;
				CLANG_WARN_INFINITE_RECURSION = YES;
				CLANG_WARN_INT_CONVERSION = YES;
				CLANG_WARN_NON_LITERAL_NULL_CONVERSION = YES;
				CLANG_WARN_OBJC_IMPLICIT_RETAIN_SELF = YES;
				CLANG_WARN_OBJC_LITERAL_CONVERSION = YES;
				CLANG_WARN_OBJC_ROOT_CLASS = YES_ERROR;
				CLANG_WARN_QUOTED_INCLUDE_IN_FRAMEWORK_HEADER = YES;
				CLANG_WARN_RANGE_LOOP_ANALYSIS = YES;
				CLANG_WARN_STRICT_PROTOTYPES = YES;
				CLANG_WARN_SUSPICIOUS_MOVE = YES;
				CLANG_WARN_UNGUARDED_AVAILABILITY = YES_AGGRESSIVE;
				CLANG_WARN_UNREACHABLE_CODE = YES;
				CLANG_WARN__DUPLICATE_METHOD_MATCH = YES;
				COPY_PHASE_STRIP = NO;
				DEBUG_INFORMATION_FORMAT = "dwarf-with-dsym";
				ENABLE_NS_ASSERTIONS = NO;
				ENABLE_STRICT_OBJC_MSGSEND = YES;
				ENABLE_USER_SCRIPT_SANDBOXING = YES;
				GCC_C_LANGUAGE_STANDARD = gnu17;
				GCC_NO_COMMON_BLOCKS = YES;
				GCC_WARN_64_TO_32_BIT_CONVERSION = YES;
				GCC_WARN_ABOUT_RETURN_TYPE = YES_ERROR;
				GCC_WARN_UNDECLARED_SELECTOR = YES;
				GCC_WARN_UNINITIALIZED_AUTOS = YES_AGGRESSIVE;
				GCC_WARN_UNUSED_FUNCTION = YES;
				GCC_WARN_UNUSED_VARIABLE = YES;
				IPHONEOS_DEPLOYMENT_TARGET = 26.2;
				LOCALIZATION_PREFERS_STRING_CATALOGS = YES;
				MTL_ENABLE_DEBUG_INFO = NO;
				MTL_FAST_MATH = YES;
				SDKROOT = iphoneos;
				SWIFT_COMPILATION_MODE = wholemodule;
				VALIDATE_PRODUCT = YES;
			};
			name = Release;
		};
		6409C7E92F7EC14300AEFF77 /* Debug */ = {
			isa = XCBuildConfiguration;
			buildSettings = {
				ASSETCATALOG_COMPILER_APPICON_NAME = AppIcon;
				ASSETCATALOG_COMPILER_GLOBAL_ACCENT_COLOR_NAME = AccentColor;
				CODE_SIGN_STYLE = Manual;
				CURRENT_PROJECT_VERSION = 1;
				DEVELOPMENT_TEAM = "";
				ENABLE_PREVIEWS = YES;
				GENERATE_INFOPLIST_FILE = YES;
				INFOPLIST_KEY_LSApplicationCategoryType = "public.app-category.business";
				INFOPLIST_KEY_UIApplicationSceneManifest_Generation = YES;
				INFOPLIST_KEY_UIApplicationSupportsIndirectInputEvents = YES;
				INFOPLIST_KEY_UILaunchScreen_Generation = YES;
				INFOPLIST_KEY_UISupportedInterfaceOrientations = UIInterfaceOrientationPortrait;
				IPHONEOS_DEPLOYMENT_TARGET = 26.2;
				LD_RUNPATH_SEARCH_PATHS = (
					"$(inherited)",
					"@executable_path/Frameworks",
				);
				MARKETING_VERSION = 1.0;
				PRODUCT_BUNDLE_IDENTIFIER = taimoor.StockPriceTrackerApp;
				PRODUCT_NAME = "$(TARGET_NAME)";
				PROVISIONING_PROFILE_SPECIFIER = "";
				STRING_CATALOG_GENERATE_SYMBOLS = YES;
				SWIFT_APPROACHABLE_CONCURRENCY = YES;
				SWIFT_DEFAULT_ACTOR_ISOLATION = MainActor;
				SWIFT_EMIT_LOC_STRINGS = YES;
				SWIFT_UPCOMING_FEATURE_MEMBER_IMPORT_VISIBILITY = YES;
				SWIFT_VERSION = 5.0;
				TARGETED_DEVICE_FAMILY = "1,2";
			};
			name = Debug;
		};
		6409C7EA2F7EC14300AEFF77 /* Release */ = {
			isa = XCBuildConfiguration;
			buildSettings = {
				ASSETCATALOG_COMPILER_APPICON_NAME = AppIcon;
				ASSETCATALOG_COMPILER_GLOBAL_ACCENT_COLOR_NAME = AccentColor;
				CODE_SIGN_STYLE = Manual;
				CURRENT_PROJECT_VERSION = 1;
				DEVELOPMENT_TEAM = "";
				ENABLE_PREVIEWS = YES;
				GENERATE_INFOPLIST_FILE = YES;
				INFOPLIST_KEY_LSApplicationCategoryType = "public.app-category.business";
				INFOPLIST_KEY_UIApplicationSceneManifest_Generation = YES;
				INFOPLIST_KEY_UIApplicationSupportsIndirectInputEvents = YES;
				INFOPLIST_KEY_UILaunchScreen_Generation = YES;
				INFOPLIST_KEY_UISupportedInterfaceOrientations = UIInterfaceOrientationPortrait;
				IPHONEOS_DEPLOYMENT_TARGET = 26.2;
				LD_RUNPATH_SEARCH_PATHS = (
					"$(inherited)",
					"@executable_path/Frameworks",
				);
				MARKETING_VERSION = 1.0;
				PRODUCT_BUNDLE_IDENTIFIER = taimoor.StockPriceTrackerApp;
				PRODUCT_NAME = "$(TARGET_NAME)";
				PROVISIONING_PROFILE_SPECIFIER = "";
				STRING_CATALOG_GENERATE_SYMBOLS = YES;
				SWIFT_APPROACHABLE_CONCURRENCY = YES;
				SWIFT_DEFAULT_ACTOR_ISOLATION = MainActor;
				SWIFT_EMIT_LOC_STRINGS = YES;
				SWIFT_UPCOMING_FEATURE_MEMBER_IMPORT_VISIBILITY = YES;
				SWIFT_VERSION = 5.0;
				TARGETED_DEVICE_FAMILY = "1,2";
			};
			name = Release;
		};
		6409C7EC2F7EC14300AEFF77 /* Debug */ = {
			isa = XCBuildConfiguration;
			buildSettings = {
				CODE_SIGN_STYLE = Automatic;
				CURRENT_PROJECT_VERSION = 1;
				GENERATE_INFOPLIST_FILE = YES;
				IPHONEOS_DEPLOYMENT_TARGET = 26.2;
				MARKETING_VERSION = 1.0;
				PRODUCT_BUNDLE_IDENTIFIER = taimoor.StockPriceTrackerAppTests;
				PRODUCT_NAME = "$(TARGET_NAME)";
				STRING_CATALOG_GENERATE_SYMBOLS = NO;
				SWIFT_APPROACHABLE_CONCURRENCY = YES;
				SWIFT_EMIT_LOC_STRINGS = NO;
				SWIFT_UPCOMING_FEATURE_MEMBER_IMPORT_VISIBILITY = YES;
				SWIFT_VERSION = 5.0;
				TARGETED_DEVICE_FAMILY = "1,2";
				TEST_HOST = "$(BUILT_PRODUCTS_DIR)/StockPriceTrackerApp.app/$(BUNDLE_EXECUTABLE_FOLDER_PATH)/StockPriceTrackerApp";
			};
			name = Debug;
		};
		6409C7ED2F7EC14300AEFF77 /* Release */ = {
			isa = XCBuildConfiguration;
			buildSettings = {
				CODE_SIGN_STYLE = Automatic;
				CURRENT_PROJECT_VERSION = 1;
				GENERATE_INFOPLIST_FILE = YES;
				IPHONEOS_DEPLOYMENT_TARGET = 26.2;
				MARKETING_VERSION = 1.0;
				PRODUCT_BUNDLE_IDENTIFIER = taimoor.StockPriceTrackerAppTests;
				PRODUCT_NAME = "$(TARGET_NAME)";
				STRING_CATALOG_GENERATE_SYMBOLS = NO;
				SWIFT_APPROACHABLE_CONCURRENCY = YES;
				SWIFT_EMIT_LOC_STRINGS = NO;
				SWIFT_UPCOMING_FEATURE_MEMBER_IMPORT_VISIBILITY = YES;
				SWIFT_VERSION = 5.0;
				TARGETED_DEVICE_FAMILY = "1,2";
				TEST_HOST = "$(BUILT_PRODUCTS_DIR)/StockPriceTrackerApp.app/$(BUNDLE_EXECUTABLE_FOLDER_PATH)/StockPriceTrackerApp";
			};
			name = Release;
		};
		6409C7EF2F7EC14300AEFF77 /* Debug */ = {
			isa = XCBuildConfiguration;
			buildSettings = {
				CODE_SIGN_STYLE = Automatic;
				CURRENT_PROJECT_VERSION = 1;
				GENERATE_INFOPLIST_FILE = YES;
				IPHONEOS_DEPLOYMENT_TARGET = 26.2;
				MARKETING_VERSION = 1.0;
				PRODUCT_BUNDLE_IDENTIFIER = taimoor.StockPriceTrackerAppUITests;
				PRODUCT_NAME = "$(TARGET_NAME)";
				STRING_CATALOG_GENERATE_SYMBOLS = NO;
				SWIFT_APPROACHABLE_CONCURRENCY = YES;
				SWIFT_EMIT_LOC_STRINGS = NO;
				SWIFT_UPCOMING_FEATURE_MEMBER_IMPORT_VISIBILITY = YES;
				SWIFT_VERSION = 5.0;
				TARGETED_DEVICE_FAMILY = "1,2";
				TEST_TARGET_NAME = StockPriceTrackerApp;
			};
			name = Debug;
		};
		6409C7F02F7EC14300AEFF77 /* Release */ = {
			isa = XCBuildConfiguration;
			buildSettings = {
				CODE_SIGN_STYLE = Automatic;
				CURRENT_PROJECT_VERSION = 1;
				GENERATE_INFOPLIST_FILE = YES;
				IPHONEOS_DEPLOYMENT_TARGET = 26.2;
				MARKETING_VERSION = 1.0;
				PRODUCT_BUNDLE_IDENTIFIER = taimoor.StockPriceTrackerAppUITests;
				PRODUCT_NAME = "$(TARGET_NAME)";
				STRING_CATALOG_GENERATE_SYMBOLS = NO;
				SWIFT_APPROACHABLE_CONCURRENCY = YES;
				SWIFT_EMIT_LOC_STRINGS = NO;
				SWIFT_UPCOMING_FEATURE_MEMBER_IMPORT_VISIBILITY = YES;
				SWIFT_VERSION = 5.0;
				TARGETED_DEVICE_FAMILY = "1,2";
				TEST_TARGET_NAME = StockPriceTrackerApp;
			};
			name = Release;
		};
/* End XCBuildConfiguration section */

/* Begin XCConfigurationList section */
		6409C7BD2F7EC14100AEFF77 /* Build configuration list for PBXProject "StockPriceTrackerApp" */ = {
			isa = XCConfigurationList;
			buildConfigurations = (
				6409C7E62F7EC14300AEFF77 /* Debug */,
				6409C7E72F7EC14300AEFF77 /* Release */,
			);
			defaultConfigurationIsVisible = 0;
			defaultConfigurationName = Release;
		};
		6409C7E82F7EC14300AEFF77 /* Build configuration list for PBXNativeTarget "StockPriceTrackerApp" */ = {
			isa = XCConfigurationList;
			buildConfigurations = (
				6409C7E92F7EC14300AEFF77 /* Debug */,
				6409C7EA2F7EC14300AEFF77 /* Release */,
			);
			defaultConfigurationIsVisible = 0;
			defaultConfigurationName = Release;
		};
		6409C7EB2F7EC14300AEFF77 /* Build configuration list for PBXNativeTarget "StockPriceTrackerAppTests" */ = {
			isa = XCConfigurationList;
			buildConfigurations = (
				6409C7EC2F7EC14300AEFF77 /* Debug */,
				6409C7ED2F7EC14300AEFF77 /* Release */,
			);
			defaultConfigurationIsVisible = 0;
			defaultConfigurationName = Release;
		};
		6409C7EE2F7EC14300AEFF77 /* Build configuration list for PBXNativeTarget "StockPriceTrackerAppUITests" */ = {
			isa = XCConfigurationList;
			buildConfigurations = (
				6409C7EF2F7EC14300AEFF77 /* Debug */,
				6409C7F02F7EC14300AEFF77 /* Release */,
			);
			defaultConfigurationIsVisible = 0;
			defaultConfigurationName = Release;
		};
/* End XCConfigurationList section */
	};
	rootObject = 6409C7BA2F7EC14100AEFF77 /* Project object */;
}
